
Microsoft Visual Studio Solution File, Format Version 12.00
# Visual Studio Version 16
VisualStudioVersion = 16.0.31911.196
MinimumVisualStudioVersion = 10.0.40219.1
Project("{FAE04EC0-301F-11D3-BF4B-00C04F79EFBC}") = "Ejercicio3", "Ejercicio3\Ejercicio3.csproj", "{4587C95A-CD47-464F-8F66-CF1EA47004E8}"
EndProject
Global
	GlobalSection(SolutionConfigurationPlatforms) = preSolution
		Debug|Any CPU = Debug|Any CPU
		Release|Any CPU = Release|Any CPU
		Staging|Any CPU = Staging|Any CPU
	EndGlobalSection
	GlobalSection(ProjectConfigurationPlatforms) = postSolution
		{4587C95A-CD47-464F-8F66-CF1EA47004E8}.Debug|Any CPU.ActiveCfg = Debug|Any CPU
		{4587C95A-CD47-464F-8F66-CF1EA47004E8}.Debug|Any CPU.Build.0 = Debug|Any CPU
		{4587C95A-CD47-464F-8F66-CF1EA47004E8}.Release|Any CPU.ActiveCfg = Release|Any CPU
		{4587C95A-CD47-464F-8F66-CF1EA47004E8}.Release|Any CPU.Build.0 = Release|Any CPU
		{4587C95A-CD47-464F-8F66-CF1EA47004E8}.Staging|Any CPU.ActiveCfg = Staging|Any CPU
		{4587C95A-CD47-464F-8F66-CF1EA47004E8}.Staging|Any CPU.Build.0 = Staging|Any CPU
	EndGlobalSection
	GlobalSection(SolutionProperties) = preSolution
		HideSolutionNode = FALSE
	EndGlobalSection
	GlobalSection(ExtensibilityGlobals) = postSolution
		SolutionGuid = {69503E76-7E6E-4E38-B004-7F69CA860C22}
	EndGlobalSection
EndGlobal
